// !$*UTF8*$!
{
	archiveVersion = 1;
	classes = {
	};
	objectVersion = 46;
	objects = {

/* Begin PBXBuildFile section */
		3D1F98761C71665000B6107B /* AppDelegate.swift in Sources */ = {isa = PBXBuildFile; fileRef = 3D1F98751C71665000B6107B /* AppDelegate.swift */; };
		3D1F98781C71665000B6107B /* ViewController.swift in Sources */ = {isa = PBXBuildFile; fileRef = 3D1F98771C71665000B6107B /* ViewController.swift */; };
		3D1F987B1C71665000B6107B /* Main.storyboard in Resources */ = {isa = PBXBuildFile; fileRef = 3D1F98791C71665000B6107B /* Main.storyboard */; };
		3D1F987E1C71665000B6107B /* ______.xcdatamodeld in Sources */ = {isa = PBXBuildFile; fileRef = 3D1F987C1C71665000B6107B /* ______.xcdatamodeld */; };
		3D1F98801C71665000B6107B /* Assets.xcassets in Resources */ = {isa = PBXBuildFile; fileRef = 3D1F987F1C71665000B6107B /* Assets.xcassets */; };
		3D1F98831C71665000B6107B /* LaunchScreen.storyboard in Resources */ = {isa = PBXBuildFile; fileRef = 3D1F98811C71665000B6107B /* LaunchScreen.storyboard */; };
		3D1F98951C7166E900B6107B /* basketball32.png in Resources */ = {isa = PBXBuildFile; fileRef = 3D1F988B1C7166E900B6107B /* basketball32.png */; };
		3D1F98961C7166E900B6107B /* books71.png in Resources */ = {isa = PBXBuildFile; fileRef = 3D1F988C1C7166E900B6107B /* books71.png */; };
		3D1F98971C7166E900B6107B /* helmet11.png in Resources */ = {isa = PBXBuildFile; fileRef = 3D1F988D1C7166E900B6107B /* helmet11.png */; };
		3D1F98981C7166E900B6107B /* kitchen-tools1.png in Resources */ = {isa = PBXBuildFile; fileRef = 3D1F988E1C7166E900B6107B /* kitchen-tools1.png */; };
		3D1F98991C7166E900B6107B /* location73.png in Resources */ = {isa = PBXBuildFile; fileRef = 3D1F988F1C7166E900B6107B /* location73.png */; };
		3D1F989A1C7166E900B6107B /* microphone52.png in Resources */ = {isa = PBXBuildFile; fileRef = 3D1F98901C7166E900B6107B /* microphone52.png */; };
		3D1F989B1C7166E900B6107B /* placeholder30.png in Resources */ = {isa = PBXBuildFile; fileRef = 3D1F98911C7166E900B6107B /* placeholder30.png */; };
		3D1F989C1C7166E900B6107B /* unseleted.png in Resources */ = {isa = PBXBuildFile; fileRef = 3D1F98921C7166E900B6107B /* unseleted.png */; };
		3D1F989D1C7166E900B6107B /* user157.png in Resources */ = {isa = PBXBuildFile; fileRef = 3D1F98931C7166E900B6107B /* user157.png */; };
		3D1F989E1C7166E900B6107B /* web-feed.png in Resources */ = {isa = PBXBuildFile; fileRef = 3D1F98941C7166E900B6107B /* web-feed.png */; };
		3D1F98A31C716B6900B6107B /* SWRevealViewController.m in Sources */ = {isa = PBXBuildFile; fileRef = 3D1F98A21C716B6900B6107B /* SWRevealViewController.m */; };
		3D1F98A71C716E7A00B6107B /* menu.png in Resources */ = {isa = PBXBuildFile; fileRef = 3D1F98A61C716E7A00B6107B /* menu.png */; };
		3D1F98AC1C7188DB00B6107B /* CoreLocation.framework in Frameworks */ = {isa = PBXBuildFile; fileRef = 3D1F98AB1C7188DB00B6107B /* CoreLocation.framework */; };
		3D1F98B31C718A3400B6107B /* Bolts.framework in Frameworks */ = {isa = PBXBuildFile; fileRef = 3D1F98AD1C718A3400B6107B /* Bolts.framework */; };
		3D1F98B41C718A3400B6107B /* Parse.framework in Frameworks */ = {isa = PBXBuildFile; fileRef = 3D1F98AE1C718A3400B6107B /* Parse.framework */; };
		3D1F98B51C718A3400B6107B /* ParseFacebookUtils.framework in Frameworks */ = {isa = PBXBuildFile; fileRef = 3D1F98AF1C718A3400B6107B /* ParseFacebookUtils.framework */; };
		3D1F98B61C718A3400B6107B /* ParseFacebookUtilsV4.framework in Frameworks */ = {isa = PBXBuildFile; fileRef = 3D1F98B01C718A3400B6107B /* ParseFacebookUtilsV4.framework */; };
		3D1F98B71C718A3400B6107B /* ParseTwitterUtils.framework in Frameworks */ = {isa = PBXBuildFile; fileRef = 3D1F98B11C718A3400B6107B /* ParseTwitterUtils.framework */; };
		3D1F98B81C718A3400B6107B /* ParseUI.framework in Frameworks */ = {isa = PBXBuildFile; fileRef = 3D1F98B21C718A3400B6107B /* ParseUI.framework */; };
		3D1F98BB1C718AA100B6107B /* AudioToolbox.framework in Frameworks */ = {isa = PBXBuildFile; fileRef = 3D1F98BA1C718AA100B6107B /* AudioToolbox.framework */; };
		3D1F98BD1C718AA800B6107B /* CFNetwork.framework in Frameworks */ = {isa = PBXBuildFile; fileRef = 3D1F98BC1C718AA800B6107B /* CFNetwork.framework */; };
		3D1F98BF1C718AAF00B6107B /* CoreGraphics.framework in Frameworks */ = {isa = PBXBuildFile; fileRef = 3D1F98BE1C718AAF00B6107B /* CoreGraphics.framework */; };
		3D1F98C11C718AB700B6107B /* QuartzCore.framework in Frameworks */ = {isa = PBXBuildFile; fileRef = 3D1F98C01C718AB700B6107B /* QuartzCore.framework */; };
		3D1F98C31C718AC000B6107B /* Security.framework in Frameworks */ = {isa = PBXBuildFile; fileRef = 3D1F98C21C718AC000B6107B /* Security.framework */; };
		3D1F98C71C718AD100B6107B /* SystemConfiguration.framework in Frameworks */ = {isa = PBXBuildFile; fileRef = 3D1F98C61C718AD100B6107B /* SystemConfiguration.framework */; };
		3D1F98C91C718ADA00B6107B /* libz.tbd in Frameworks */ = {isa = PBXBuildFile; fileRef = 3D1F98C81C718ADA00B6107B /* libz.tbd */; };
		3D1F98CB1C718AE200B6107B /* libsqlite3.tbd in Frameworks */ = {isa = PBXBuildFile; fileRef = 3D1F98CA1C718AE200B6107B /* libsqlite3.tbd */; };
		3D1F98CD1C71968F00B6107B /* near.swift in Sources */ = {isa = PBXBuildFile; fileRef = 3D1F98CC1C71968F00B6107B /* near.swift */; };
		3D1F98CF1C71A03100B6107B /* bigmap.swift in Sources */ = {isa = PBXBuildFile; fileRef = 3D1F98CE1C71A03100B6107B /* bigmap.swift */; };
		3D1F98D41C71AC0E00B6107B /* MapKit.framework in Frameworks */ = {isa = PBXBuildFile; fileRef = 3D1F98D31C71AC0E00B6107B /* MapKit.framework */; };
		3D1F98D81C71AC3300B6107B /* StoreKit.framework in Frameworks */ = {isa = PBXBuildFile; fileRef = 3D1F98D71C71AC3300B6107B /* StoreKit.framework */; };
		3D1F98D91C71AF5B00B6107B /* mc.ttf in Resources */ = {isa = PBXBuildFile; fileRef = 3D1F98D01C71ABE600B6107B /* mc.ttf */; };
		3D1F98DA1C71AF5B00B6107B /* MFYueHei_Noncommercial-Regular.otf in Resources */ = {isa = PBXBuildFile; fileRef = 3D1F98A91C717FC400B6107B /* MFYueHei_Noncommercial-Regular.otf */; };
		3D1F98DB1C71AF5B00B6107B /* fanzheng.ttf in Resources */ = {isa = PBXBuildFile; fileRef = 3D1F98A81C717D2200B6107B /* fanzheng.ttf */; };
		3D1F98E11C725E1500B6107B /* ziliao.swift in Sources */ = {isa = PBXBuildFile; fileRef = 3D1F98E01C725E1500B6107B /* ziliao.swift */; };
/* End PBXBuildFile section */

/* Begin PBXFileReference section */
		3D1F98721C71665000B6107B /* 名人故里地图.app */ = {isa = PBXFileReference; explicitFileType = wrapper.application; includeInIndex = 0; path = "名人故里地图.app"; sourceTree = BUILT_PRODUCTS_DIR; };
		3D1F98751C71665000B6107B /* AppDelegate.swift */ = {isa = PBXFileReference; lastKnownFileType = sourcecode.swift; path = AppDelegate.swift; sourceTree = "<group>"; };
		3D1F98771C71665000B6107B /* ViewController.swift */ = {isa = PBXFileReference; lastKnownFileType = sourcecode.swift; path = ViewController.swift; sourceTree = "<group>"; };
		3D1F987A1C71665000B6107B /* Base */ = {isa = PBXFileReference; lastKnownFileType = file.storyboard; name = Base; path = Base.lproj/Main.storyboard; sourceTree = "<group>"; };
		3D1F987D1C71665000B6107B /* ______.xcdatamodel */ = {isa = PBXFileReference; lastKnownFileType = wrapper.xcdatamodel; path = "______.xcdatamodel"; sourceTree = "<group>"; };
		3D1F987F1C71665000B6107B /* Assets.xcassets */ = {isa = PBXFileReference; lastKnownFileType = folder.assetcatalog; path = Assets.xcassets; sourceTree = "<group>"; };
		3D1F98821C71665000B6107B /* Base */ = {isa = PBXFileReference; lastKnownFileType = file.storyboard; name = Base; path = Base.lproj/LaunchScreen.storyboard; sourceTree = "<group>"; };
		3D1F98841C71665000B6107B /* Info.plist */ = {isa = PBXFileReference; lastKnownFileType = text.plist.xml; path = Info.plist; sourceTree = "<group>"; };
		3D1F988B1C7166E900B6107B /* basketball32.png */ = {isa = PBXFileReference; lastKnownFileType = image.png; path = basketball32.png; sourceTree = "<group>"; };
		3D1F988C1C7166E900B6107B /* books71.png */ = {isa = PBXFileReference; lastKnownFileType = image.png; path = books71.png; sourceTree = "<group>"; };
		3D1F988D1C7166E900B6107B /* helmet11.png */ = {isa = PBXFileReference; lastKnownFileType = image.png; path = helmet11.png; sourceTree = "<group>"; };
		3D1F988E1C7166E900B6107B /* kitchen-tools1.png */ = {isa = PBXFileReference; lastKnownFileType = image.png; path = "kitchen-tools1.png"; sourceTree = "<group>"; };
		3D1F988F1C7166E900B6107B /* location73.png */ = {isa = PBXFileReference; lastKnownFileType = image.png; path = location73.png; sourceTree = "<group>"; };
		3D1F98901C7166E900B6107B /* microphone52.png */ = {isa = PBXFileReference; lastKnownFileType = image.png; path = microphone52.png; sourceTree = "<group>"; };
		3D1F98911C7166E900B6107B /* placeholder30.png */ = {isa = PBXFileReference; lastKnownFileType = image.png; path = placeholder30.png; sourceTree = "<group>"; };
		3D1F98921C7166E900B6107B /* unseleted.png */ = {isa = PBXFileReference; lastKnownFileType = image.png; path = unseleted.png; sourceTree = "<group>"; };
		3D1F98931C7166E900B6107B /* user157.png */ = {isa = PBXFileReference; lastKnownFileType = image.png; path = user157.png; sourceTree = "<group>"; };
		3D1F98941C7166E900B6107B /* web-feed.png */ = {isa = PBXFileReference; lastKnownFileType = image.png; path = "web-feed.png"; sourceTree = "<group>"; };
		3D1F98A01C716B6800B6107B /* 名人故里地图-Bridging-Header.h */ = {isa = PBXFileReference; lastKnownFileType = sourcecode.c.h; path = "名人故里地图-Bridging-Header.h"; sourceTree = "<group>"; };
		3D1F98A11C716B6900B6107B /* SWRevealViewController.h */ = {isa = PBXFileReference; fileEncoding = 4; lastKnownFileType = sourcecode.c.h; path = SWRevealViewController.h; sourceTree = "<group>"; };
		3D1F98A21C716B6900B6107B /* SWRevealViewController.m */ = {isa = PBXFileReference; fileEncoding = 4; lastKnownFileType = sourcecode.c.objc; path = SWRevealViewController.m; sourceTree = "<group>"; };
		3D1F98A61C716E7A00B6107B /* menu.png */ = {isa = PBXFileReference; lastKnownFileType = image.png; path = menu.png; sourceTree = "<group>"; };
		3D1F98A81C717D2200B6107B /* fanzheng.ttf */ = {isa = PBXFileReference; lastKnownFileType = file; path = fanzheng.ttf; sourceTree = "<group>"; };
		3D1F98A91C717FC400B6107B /* MFYueHei_Noncommercial-Regular.otf */ = {isa = PBXFileReference; lastKnownFileType = file; path = "MFYueHei_Noncommercial-Regular.otf"; sourceTree = "<group>"; };
		3D1F98AB1C7188DB00B6107B /* CoreLocation.framework */ = {isa = PBXFileReference; lastKnownFileType = wrapper.framework; name = CoreLocation.framework; path = System/Library/Frameworks/CoreLocation.framework; sourceTree = SDKROOT; };
		3D1F98AD1C718A3400B6107B /* Bolts.framework */ = {isa = PBXFileReference; lastKnownFileType = wrapper.framework; path = Bolts.framework; sourceTree = "<group>"; };
		3D1F98AE1C718A3400B6107B /* Parse.framework */ = {isa = PBXFileReference; lastKnownFileType = wrapper.framework; path = Parse.framework; sourceTree = "<group>"; };
		3D1F98AF1C718A3400B6107B /* ParseFacebookUtils.framework */ = {isa = PBXFileReference; lastKnownFileType = wrapper.framework; path = ParseFacebookUtils.framework; sourceTree = "<group>"; };
		3D1F98B01C718A3400B6107B /* ParseFacebookUtilsV4.framework */ = {isa = PBXFileReference; lastKnownFileType = wrapper.framework; path = ParseFacebookUtilsV4.framework; sourceTree = "<group>"; };
		3D1F98B11C718A3400B6107B /* ParseTwitterUtils.framework */ = {isa = PBXFileReference; lastKnownFileType = wrapper.framework; path = ParseTwitterUtils.framework; sourceTree = "<group>"; };
		3D1F98B21C718A3400B6107B /* ParseUI.framework */ = {isa = PBXFileReference; lastKnownFileType = wrapper.framework; path = ParseUI.framework; sourceTree = "<group>"; };
		3D1F98BA1C718AA100B6107B /* AudioToolbox.framework */ = {isa = PBXFileReference; lastKnownFileType = wrapper.framework; name = AudioToolbox.framework; path = System/Library/Frameworks/AudioToolbox.framework; sourceTree = SDKROOT; };
		3D1F98BC1C718AA800B6107B /* CFNetwork.framework */ = {isa = PBXFileReference; lastKnownFileType = wrapper.framework; name = CFNetwork.framework; path = System/Library/Frameworks/CFNetwork.framework; sourceTree = SDKROOT; };
		3D1F98BE1C718AAF00B6107B /* CoreGraphics.framework */ = {isa = PBXFileReference; lastKnownFileType = wrapper.framework; name = CoreGraphics.framework; path = System/Library/Frameworks/CoreGraphics.framework; sourceTree = SDKROOT; };
		3D1F98C01C718AB700B6107B /* QuartzCore.framework */ = {isa = PBXFileReference; lastKnownFileType = wrapper.framework; name = QuartzCore.framework; path = System/Library/Frameworks/QuartzCore.framework; sourceTree = SDKROOT; };
		3D1F98C21C718AC000B6107B /* Security.framework */ = {isa = PBXFileReference; lastKnownFileType = wrapper.framework; name = Security.framework; path = System/Library/Frameworks/Security.framework; sourceTree = SDKROOT; };
		3D1F98C61C718AD100B6107B /* SystemConfiguration.framework */ = {isa = PBXFileReference; lastKnownFileType = wrapper.framework; name = SystemConfiguration.framework; path = System/Library/Frameworks/SystemConfiguration.framework; sourceTree = SDKROOT; };
		3D1F98C81C718ADA00B6107B /* libz.tbd */ = {isa = PBXFileReference; lastKnownFileType = "sourcecode.text-based-dylib-definition"; name = libz.tbd; path = usr/lib/libz.tbd; sourceTree = SDKROOT; };
		3D1F98CA1C718AE200B6107B /* libsqlite3.tbd */ = {isa = PBXFileReference; lastKnownFileType = "sourcecode.text-based-dylib-definition"; name = libsqlite3.tbd; path = usr/lib/libsqlite3.tbd; sourceTree = SDKROOT; };
		3D1F98CC1C71968F00B6107B /* near.swift */ = {isa = PBXFileReference; fileEncoding = 4; lastKnownFileType = sourcecode.swift; path = near.swift; sourceTree = "<group>"; };
		3D1F98CE1C71A03100B6107B /* bigmap.swift */ = {isa = PBXFileReference; fileEncoding = 4; lastKnownFileType = sourcecode.swift; path = bigmap.swift; sourceTree = "<group>"; };
		3D1F98D01C71ABE600B6107B /* mc.ttf */ = {isa = PBXFileReference; lastKnownFileType = file; path = mc.ttf; sourceTree = "<group>"; };
		3D1F98D31C71AC0E00B6107B /* MapKit.framework */ = {isa = PBXFileReference; lastKnownFileType = wrapper.framework; name = MapKit.framework; path = System/Library/Frameworks/MapKit.framework; sourceTree = SDKROOT; };
		3D1F98D71C71AC3300B6107B /* StoreKit.framework */ = {isa = PBXFileReference; lastKnownFileType = wrapper.framework; name = StoreKit.framework; path = System/Library/Frameworks/StoreKit.framework; sourceTree = SDKROOT; };
		3D1F98E01C725E1500B6107B /* ziliao.swift */ = {isa = PBXFileReference; fileEncoding = 4; lastKnownFileType = sourcecode.swift; path = ziliao.swift; sourceTree = "<group>"; };
/* End PBXFileReference section */

/* Begin PBXFrameworksBuildPhase section */
		3D1F986F1C71665000B6107B /* Frameworks */ = {
			isa = PBXFrameworksBuildPhase;
			buildActionMask = 2147483647;
			files = (
				3D1F98CB1C718AE200B6107B /* libsqlite3.tbd in Frameworks */,
				3D1F98C91C718ADA00B6107B /* libz.tbd in Frameworks */,
				3D1F98C71C718AD100B6107B /* SystemConfiguration.framework in Frameworks */,
				3D1F98C31C718AC000B6107B /* Security.framework in Frameworks */,
				3D1F98C11C718AB700B6107B /* QuartzCore.framework in Frameworks */,
				3D1F98BF1C718AAF00B6107B /* CoreGraphics.framework in Frameworks */,
				3D1F98BD1C718AA800B6107B /* CFNetwork.framework in Frameworks */,
				3D1F98BB1C718AA100B6107B /* AudioToolbox.framework in Frameworks */,
				3D1F98D41C71AC0E00B6107B /* MapKit.framework in Frameworks */,
				3D1F98B31C718A3400B6107B /* Bolts.framework in Frameworks */,
				3D1F98AC1C7188DB00B6107B /* CoreLocation.framework in Frameworks */,
				3D1F98B61C718A3400B6107B /* ParseFacebookUtilsV4.framework in Frameworks */,
				3D1F98B71C718A3400B6107B /* ParseTwitterUtils.framework in Frameworks */,
				3D1F98B41C718A3400B6107B /* Parse.framework in Frameworks */,
				3D1F98D81C71AC3300B6107B /* StoreKit.framework in Frameworks */,
				3D1F98B51C718A3400B6107B /* ParseFacebookUtils.framework in Frameworks */,
				3D1F98B81C718A3400B6107B /* ParseUI.framework in Frameworks */,
			);
			runOnlyForDeploymentPostprocessing = 0;
		};
/* End PBXFrameworksBuildPhase section */

/* Begin PBXGroup section */
		3D1F98691C71665000B6107B = {
			isa = PBXGroup;
			children = (
				3D1F98D71C71AC3300B6107B /* StoreKit.framework */,
				3D1F98D31C71AC0E00B6107B /* MapKit.framework */,
				3D1F98CA1C718AE200B6107B /* libsqlite3.tbd */,
				3D1F98C81C718ADA00B6107B /* libz.tbd */,
				3D1F98C61C718AD100B6107B /* SystemConfiguration.framework */,
				3D1F98C21C718AC000B6107B /* Security.framework */,
				3D1F98C01C718AB700B6107B /* QuartzCore.framework */,
				3D1F98BE1C718AAF00B6107B /* CoreGraphics.framework */,
				3D1F98BC1C718AA800B6107B /* CFNetwork.framework */,
				3D1F98BA1C718AA100B6107B /* AudioToolbox.framework */,
				3D1F98B91C718A3800B6107B /* framework */,
				3D1F98741C71665000B6107B /* 名人故里地图 */,
				3D1F98731C71665000B6107B /* Products */,
			);
			sourceTree = "<group>";
		};
		3D1F98731C71665000B6107B /* Products */ = {
			isa = PBXGroup;
			children = (
				3D1F98721C71665000B6107B /* 名人故里地图.app */,
			);
			name = Products;
			sourceTree = "<group>";
		};
		3D1F98741C71665000B6107B /* 名人故里地图 */ = {
			isa = PBXGroup;
			children = (
				3D1F989F1C716B4F00B6107B /* SWRevealViewController */,
				3D1F988A1C7166C000B6107B /* icon */,
				3D1F98751C71665000B6107B /* AppDelegate.swift */,
				3D1F98AA1C717FC900B6107B /* font */,
				3D1F98771C71665000B6107B /* ViewController.swift */,
				3D1F98E01C725E1500B6107B /* ziliao.swift */,
				3D1F98791C71665000B6107B /* Main.storyboard */,
				3D1F98CE1C71A03100B6107B /* bigmap.swift */,
				3D1F98CC1C71968F00B6107B /* near.swift */,
				3D1F987F1C71665000B6107B /* Assets.xcassets */,
				3D1F98811C71665000B6107B /* LaunchScreen.storyboard */,
				3D1F98841C71665000B6107B /* Info.plist */,
				3D1F987C1C71665000B6107B /* ______.xcdatamodeld */,
			);
			path = "名人故里地图";
			sourceTree = "<group>";
		};
		3D1F988A1C7166C000B6107B /* icon */ = {
			isa = PBXGroup;
			children = (
				3D1F988B1C7166E900B6107B /* basketball32.png */,
				3D1F988C1C7166E900B6107B /* books71.png */,
				3D1F988D1C7166E900B6107B /* helmet11.png */,
				3D1F988E1C7166E900B6107B /* kitchen-tools1.png */,
				3D1F988F1C7166E900B6107B /* location73.png */,
				3D1F98901C7166E900B6107B /* microphone52.png */,
				3D1F98911C7166E900B6107B /* placeholder30.png */,
				3D1F98A61C716E7A00B6107B /* menu.png */,
				3D1F98921C7166E900B6107B /* unseleted.png */,
				3D1F98931C7166E900B6107B /* user157.png */,
				3D1F98941C7166E900B6107B /* web-feed.png */,
			);
			name = icon;
			sourceTree = "<group>";
		};
		3D1F989F1C716B4F00B6107B /* SWRevealViewController */ = {
			isa = PBXGroup;
			children = (
				3D1F98A11C716B6900B6107B /* SWRevealViewController.h */,
				3D1F98A21C716B6900B6107B /* SWRevealViewController.m */,
				3D1F98A01C716B6800B6107B /* 名人故里地图-Bridging-Header.h */,
			);
			name = SWRevealViewController;
			sourceTree = "<group>";
		};
		3D1F98AA1C717FC900B6107B /* font */ = {
			isa = PBXGroup;
			children = (
				3D1F98D01C71ABE600B6107B /* mc.ttf */,
				3D1F98A91C717FC400B6107B /* MFYueHei_Noncommercial-Regular.otf */,
				3D1F98A81C717D2200B6107B /* fanzheng.ttf */,
			);
			name = font;
			sourceTree = "<group>";
		};
		3D1F98B91C718A3800B6107B /* framework */ = {
			isa = PBXGroup;
			children = (
				3D1F98AD1C718A3400B6107B /* Bolts.framework */,
				3D1F98AE1C718A3400B6107B /* Parse.framework */,
				3D1F98AF1C718A3400B6107B /* ParseFacebookUtils.framework */,
				3D1F98B01C718A3400B6107B /* ParseFacebookUtilsV4.framework */,
				3D1F98B11C718A3400B6107B /* ParseTwitterUtils.framework */,
				3D1F98B21C718A3400B6107B /* ParseUI.framework */,
				3D1F98AB1C7188DB00B6107B /* CoreLocation.framework */,
			);
			name = framework;
			sourceTree = "<group>";
		};
/* End PBXGroup section */

/* Begin PBXNativeTarget section */
		3D1F98711C71665000B6107B /* 名人故里地图 */ = {
			isa = PBXNativeTarget;
			buildConfigurationList = 3D1F98871C71665000B6107B /* Build configuration list for PBXNativeTarget "名人故里地图" */;
			buildPhases = (
				3D1F986E1C71665000B6107B /* Sources */,
				3D1F986F1C71665000B6107B /* Frameworks */,
				3D1F98701C71665000B6107B /* Resources */,
			);
			buildRules = (
			);
			dependencies = (
			);
			name = "名人故里地图";
			productName = "名人故里地图";
			productReference = 3D1F98721C71665000B6107B /* 名人故里地图.app */;
			productType = "com.apple.product-type.application";
		};
/* End PBXNativeTarget section */

/* Begin PBXProject section */
		3D1F986A1C71665000B6107B /* Project object */ = {
			isa = PBXProject;
			attributes = {
				LastSwiftUpdateCheck = 0720;
				LastUpgradeCheck = 0720;
				ORGANIZATIONNAME = "Clark Chen";
				TargetAttributes = {
					3D1F98711C71665000B6107B = {
						CreatedOnToolsVersion = 7.2.1;
						DevelopmentTeam = 7WT85VGQ9M;
						SystemCapabilities = {
							com.apple.InAppPurchase = {
								enabled = 1;
							};
							com.apple.Maps.iOS = {
								enabled = 1;
							};
						};
					};
				};
			};
			buildConfigurationList = 3D1F986D1C71665000B6107B /* Build configuration list for PBXProject "名人故里地图" */;
			compatibilityVersion = "Xcode 3.2";
			developmentRegion = English;
			hasScannedForEncodings = 0;
			knownRegions = (
				en,
				Base,
			);
			mainGroup = 3D1F98691C71665000B6107B;
			productRefGroup = 3D1F98731C71665000B6107B /* Products */;
			projectDirPath = "";
			projectRoot = "";
			targets = (
				3D1F98711C71665000B6107B /* 名人故里地图 */,
			);
		};
/* End PBXProject section */

/* Begin PBXResourcesBuildPhase section */
		3D1F98701C71665000B6107B /* Resources */ = {
			isa = PBXResourcesBuildPhase;
			buildActionMask = 2147483647;
			files = (
				3D1F98D91C71AF5B00B6107B /* mc.ttf in Resources */,
				3D1F98DA1C71AF5B00B6107B /* MFYueHei_Noncommercial-Regular.otf in Resources */,
				3D1F98DB1C71AF5B00B6107B /* fanzheng.ttf in Resources */,
				3D1F989C1C7166E900B6107B /* unseleted.png in Resources */,
				3D1F98961C7166E900B6107B /* books71.png in Resources */,
				3D1F989A1C7166E900B6107B /* microphone52.png in Resources */,
				3D1F98831C71665000B6107B /* LaunchScreen.storyboard in Resources */,
				3D1F98A71C716E7A00B6107B /* menu.png in Resources */,
				3D1F98981C7166E900B6107B /* kitchen-tools1.png in Resources */,
				3D1F98951C7166E900B6107B /* basketball32.png in Resources */,
				3D1F98991C7166E900B6107B /* location73.png in Resources */,
				3D1F989B1C7166E900B6107B /* placeholder30.png in Resources */,
				3D1F989E1C7166E900B6107B /* web-feed.png in Resources */,
				3D1F98801C71665000B6107B /* Assets.xcassets in Resources */,
				3D1F98971C7166E900B6107B /* helmet11.png in Resources */,
				3D1F989D1C7166E900B6107B /* user157.png in Resources */,
				3D1F987B1C71665000B6107B /* Main.storyboard in Resources */,
			);
			runOnlyForDeploymentPostprocessing = 0;
		};
/* End PBXResourcesBuildPhase section */

/* Begin PBXSourcesBuildPhase section */
		3D1F986E1C71665000B6107B /* Sources */ = {
			isa = PBXSourcesBuildPhase;
			buildActionMask = 2147483647;
			files = (
				3D1F987E1C71665000B6107B /* ______.xcdatamodeld in Sources */,
				3D1F98CD1C71968F00B6107B /* near.swift in Sources */,
				3D1F98781C71665000B6107B /* ViewController.swift in Sources */,
				3D1F98E11C725E1500B6107B /* ziliao.swift in Sources */,
				3D1F98761C71665000B6107B /* AppDelegate.swift in Sources */,
				3D1F98A31C716B6900B6107B /* SWRevealViewController.m in Sources */,
				3D1F98CF1C71A03100B6107B /* bigmap.swift in Sources */,
			);
			runOnlyForDeploymentPostprocessing = 0;
		};
/* End PBXSourcesBuildPhase section */

/* Begin PBXVariantGroup section */
		3D1F98791C71665000B6107B /* Main.storyboard */ = {
			isa = PBXVariantGroup;
			children = (
				3D1F987A1C71665000B6107B /* Base */,
			);
			name = Main.storyboard;
			sourceTree = "<group>";
		};
		3D1F98811C71665000B6107B /* LaunchScreen.storyboard */ = {
			isa = PBXVariantGroup;
			children = (
				3D1F98821C71665000B6107B /* Base */,
			);
			name = LaunchScreen.storyboard;
			sourceTree = "<group>";
		};
/* End PBXVariantGroup section */

/* Begin XCBuildConfiguration section */
		3D1F98851C71665000B6107B /* Debug */ = {
			isa = XCBuildConfiguration;
			buildSettings = {
				ALWAYS_SEARCH_USER_PATHS = NO;
				CLANG_CXX_LANGUAGE_STANDARD = "gnu++0x";
				CLANG_CXX_LIBRARY = "libc++";
				CLANG_ENABLE_MODULES = YES;
				CLANG_ENABLE_OBJC_ARC = YES;
				CLANG_WARN_BOOL_CONVERSION = YES;
				CLANG_WARN_CONSTANT_CONVERSION = YES;
				CLANG_WARN_DIRECT_OBJC_ISA_USAGE = YES_ERROR;
				CLANG_WARN_EMPTY_BODY = YES;
				CLANG_WARN_ENUM_CONVERSION = YES;
				CLANG_WARN_INT_CONVERSION = YES;
				CLANG_WARN_OBJC_ROOT_CLASS = YES_ERROR;
				CLANG_WARN_UNREACHABLE_CODE = YES;
				CLANG_WARN__DUPLICATE_METHOD_MATCH = YES;
				"CODE_SIGN_IDENTITY[sdk=iphoneos*]" = "iPhone Developer";
				COPY_PHASE_STRIP = NO;
				DEBUG_INFORMATION_FORMAT = dwarf;
				ENABLE_STRICT_OBJC_MSGSEND = YES;
				ENABLE_TESTABILITY = YES;
				GCC_C_LANGUAGE_STANDARD = gnu99;
				GCC_DYNAMIC_NO_PIC = NO;
				GCC_NO_COMMON_BLOCKS = YES;
				GCC_OPTIMIZATION_LEVEL = 0;
				GCC_PREPROCESSOR_DEFINITIONS = (
					"DEBUG=1",
					"$(inherited)",
				);
				GCC_WARN_64_TO_32_BIT_CONVERSION = YES;
				GCC_WARN_ABOUT_RETURN_TYPE = YES_ERROR;
				GCC_WARN_UNDECLARED_SELECTOR = YES;
				GCC_WARN_UNINITIALIZED_AUTOS = YES_AGGRESSIVE;
				GCC_WARN_UNUSED_FUNCTION = YES;
				GCC_WARN_UNUSED_VARIABLE = YES;
				IPHONEOS_DEPLOYMENT_TARGET = 9.2;
				MTL_ENABLE_DEBUG_INFO = YES;
				ONLY_ACTIVE_ARCH = YES;
				SDKROOT = iphoneos;
				SWIFT_OPTIMIZATION_LEVEL = "-Onone";
			};
			name = Debug;
		};
		3D1F98861C71665000B6107B /* Release */ = {
			isa = XCBuildConfiguration;
			buildSettings = {
				ALWAYS_SEARCH_USER_PATHS = NO;
				CLANG_CXX_LANGUAGE_STANDARD = "gnu++0x";
				CLANG_CXX_LIBRARY = "libc++";
				CLANG_ENABLE_MODULES = YES;
				CLANG_ENABLE_OBJC_ARC = YES;
				CLANG_WARN_BOOL_CONVERSION = YES;
				CLANG_WARN_CONSTANT_CONVERSION = YES;
				CLANG_WARN_DIRECT_OBJC_ISA_USAGE = YES_ERROR;
				CLANG_WARN_EMPTY_BODY = YES;
				CLANG_WARN_ENUM_CONVERSION = YES;
				CLANG_WARN_INT_CONVERSION = YES;
				CLANG_WARN_OBJC_ROOT_CLASS = YES_ERROR;
				CLANG_WARN_UNREACHABLE_CODE = YES;
				CLANG_WARN__DUPLICATE_METHOD_MATCH = YES;
				"CODE_SIGN_IDENTITY[sdk=iphoneos*]" = "iPhone Developer";
				COPY_PHASE_STRIP = NO;
				DEBUG_INFORMATION_FORMAT = "dwarf-with-dsym";
				ENABLE_NS_ASSERTIONS = NO;
				ENABLE_STRICT_OBJC_MSGSEND = YES;
				GCC_C_LANGUAGE_STANDARD = gnu99;
				GCC_NO_COMMON_BLOCKS = YES;
				GCC_WARN_64_TO_32_BIT_CONVERSION = YES;
				GCC_WARN_ABOUT_RETURN_TYPE = YES_ERROR;
				GCC_WARN_UNDECLARED_SELECTOR = YES;
				GCC_WARN_UNINITIALIZED_AUTOS = YES_AGGRESSIVE;
				GCC_WARN_UNUSED_FUNCTION = YES;
				GCC_WARN_UNUSED_VARIABLE = YES;
				IPHONEOS_DEPLOYMENT_TARGET = 9.2;
				MTL_ENABLE_DEBUG_INFO = NO;
				SDKROOT = iphoneos;
				VALIDATE_PRODUCT = YES;
			};
			name = Release;
		};
		3D1F98881C71665000B6107B /* Debug */ = {
			isa = XCBuildConfiguration;
			buildSettings = {
				ASSETCATALOG_COMPILER_APPICON_NAME = AppIcon;
				CLANG_ENABLE_MODULES = YES;
				CODE_SIGN_IDENTITY = "iPhone Developer";
				"CODE_SIGN_IDENTITY[sdk=iphoneos*]" = "iPhone Developer";
				FRAMEWORK_SEARCH_PATHS = (
					"$(inherited)",
					"$(PROJECT_DIR)",
				);
				INFOPLIST_FILE = "名人故里地图/Info.plist";
				LD_RUNPATH_SEARCH_PATHS = "$(inherited) @executable_path/Frameworks";
				PRODUCT_BUNDLE_IDENTIFIER = "yinpeng.com.------";
				PRODUCT_NAME = "$(TARGET_NAME)";
				PROVISIONING_PROFILE = "";
				SWIFT_OBJC_BRIDGING_HEADER = "名人故里地图/名人故里地图-Bridging-Header.h";
				SWIFT_OPTIMIZATION_LEVEL = "-Onone";
			};
			name = Debug;
		};
		3D1F98891C71665000B6107B /* Release */ = {
			isa = XCBuildConfiguration;
			buildSettings = {
				ASSETCATALOG_COMPILER_APPICON_NAME = AppIcon;
				CLANG_ENABLE_MODULES = YES;
				CODE_SIGN_IDENTITY = "iPhone Developer";
				"CODE_SIGN_IDENTITY[sdk=iphoneos*]" = "iPhone Developer";
				FRAMEWORK_SEARCH_PATHS = (
					"$(inherited)",
					"$(PROJECT_DIR)",
				);
				INFOPLIST_FILE = "名人故里地图/Info.plist";
				LD_RUNPATH_SEARCH_PATHS = "$(inherited) @executable_path/Frameworks";
				PRODUCT_BUNDLE_IDENTIFIER = "yinpeng.com.------";
				PRODUCT_NAME = "$(TARGET_NAME)";
				PROVISIONING_PROFILE = "";
				SWIFT_OBJC_BRIDGING_HEADER = "名人故里地图/名人故里地图-Bridging-Header.h";
			};
			name = Release;
		};
/* End XCBuildConfiguration section */

/* Begin XCConfigurationList section */
		3D1F986D1C71665000B6107B /* Build configuration list for PBXProject "名人故里地图" */ = {
			isa = XCConfigurationList;
			buildConfigurations = (
				3D1F98851C71665000B6107B /* Debug */,
				3D1F98861C71665000B6107B /* Release */,
			);
			defaultConfigurationIsVisible = 0;
			defaultConfigurationName = Release;
		};
		3D1F98871C71665000B6107B /* Build configuration list for PBXNativeTarget "名人故里地图" */ = {
			isa = XCConfigurationList;
			buildConfigurations = (
				3D1F98881C71665000B6107B /* Debug */,
				3D1F98891C71665000B6107B /* Release */,
			);
			defaultConfigurationIsVisible = 0;
			defaultConfigurationName = Release;
		};
/* End XCConfigurationList section */

/* Begin XCVersionGroup section */
		3D1F987C1C71665000B6107B /* ______.xcdatamodeld */ = {
			isa = XCVersionGroup;
			children = (
				3D1F987D1C71665000B6107B /* ______.xcdatamodel */,
			);
			currentVersion = 3D1F987D1C71665000B6107B /* ______.xcdatamodel */;
			path = "______.xcdatamodeld";
			sourceTree = "<group>";
			versionGroupType = wrapper.xcdatamodel;
		};
/* End XCVersionGroup section */
	};
	rootObject = 3D1F986A1C71665000B6107B /* Project object */;
}
